
Microsoft Visual Studio Solution File, Format Version 12.00
# Visual Studio Version 16
VisualStudioVersion = 16.0.31410.357
MinimumVisualStudioVersion = 10.0.40219.1
Project("{FAE04EC0-301F-11D3-BF4B-00C04F79EFBC}") = "API", "API\API.csproj", "{9E3497AC-4D33-488F-960B-C767B6B519B9}"
EndProject
Global
	GlobalSection(SolutionConfigurationPlatforms) = preSolution
		Debug|Any CPU = Debug|Any CPU
		Release|Any CPU = Release|Any CPU
	EndGlobalSection
	GlobalSection(ProjectConfigurationPlatforms) = postSolution
		{9E3497AC-4D33-488F-960B-C767B6B519B9}.Debug|Any CPU.ActiveCfg = Debug|Any CPU
		{9E3497AC-4D33-488F-960B-C767B6B519B9}.Debug|Any CPU.Build.0 = Debug|Any CPU
		{9E3497AC-4D33-488F-960B-C767B6B519B9}.Release|Any CPU.ActiveCfg = Release|Any CPU
		{9E3497AC-4D33-488F-960B-C767B6B519B9}.Release|Any CPU.Build.0 = Release|Any CPU
	EndGlobalSection
	GlobalSection(SolutionProperties) = preSolution
		HideSolutionNode = FALSE
	EndGlobalSection
	GlobalSection(ExtensibilityGlobals) = postSolution
		SolutionGuid = {1BF522FA-94A3-413B-818F-EE60CD418344}
	EndGlobalSection
EndGlobal
